// !$*UTF8*$!
{
	archiveVersion = 1;
	classes = {
	};
	objectVersion = 50;
	objects = {

/* Begin PBXBuildFile section */
		907480D6208E882100CD98AD /* SWRevealViewController.m in Sources */ = {isa = PBXBuildFile; fileRef = 907480D4208E882100CD98AD /* SWRevealViewController.m */; };
		907480DB208E8B0500CD98AD /* ChatVC.swift in Sources */ = {isa = PBXBuildFile; fileRef = 907480DA208E8B0500CD98AD /* ChatVC.swift */; };
		907480DD208E8B1300CD98AD /* ChannelVC.swift in Sources */ = {isa = PBXBuildFile; fileRef = 907480DC208E8B1300CD98AD /* ChannelVC.swift */; };
		907480DF208E932200CD98AD /* GradientView.swift in Sources */ = {isa = PBXBuildFile; fileRef = 907480DE208E932200CD98AD /* GradientView.swift */; };
		9082F82C21176646001955BA /* Constants.swift in Sources */ = {isa = PBXBuildFile; fileRef = 9082F82B21176646001955BA /* Constants.swift */; };
		9082F82E21176B05001955BA /* LoginVC.swift in Sources */ = {isa = PBXBuildFile; fileRef = 9082F82D21176B05001955BA /* LoginVC.swift */; };
		9082F830211775C5001955BA /* CreateAccountVC.swift in Sources */ = {isa = PBXBuildFile; fileRef = 9082F82F211775C5001955BA /* CreateAccountVC.swift */; };
		9082F8332117B6C6001955BA /* AuthService.swift in Sources */ = {isa = PBXBuildFile; fileRef = 9082F8322117B6C6001955BA /* AuthService.swift */; };
		9082F8352118E6FA001955BA /* RoundedButton.swift in Sources */ = {isa = PBXBuildFile; fileRef = 9082F8342118E6FA001955BA /* RoundedButton.swift */; };
		9082F8372118EFAB001955BA /* UserDataService.swift in Sources */ = {isa = PBXBuildFile; fileRef = 9082F8362118EFAB001955BA /* UserDataService.swift */; };
		90AC94E1208E779D00CE2479 /* AppDelegate.swift in Sources */ = {isa = PBXBuildFile; fileRef = 90AC94E0208E779D00CE2479 /* AppDelegate.swift */; };
		90AC94E6208E779D00CE2479 /* Main.storyboard in Resources */ = {isa = PBXBuildFile; fileRef = 90AC94E4208E779D00CE2479 /* Main.storyboard */; };
		90AC94E8208E779F00CE2479 /* Assets.xcassets in Resources */ = {isa = PBXBuildFile; fileRef = 90AC94E7208E779F00CE2479 /* Assets.xcassets */; };
		90AC94EB208E779F00CE2479 /* LaunchScreen.storyboard in Resources */ = {isa = PBXBuildFile; fileRef = 90AC94E9208E779F00CE2479 /* LaunchScreen.storyboard */; };
		96519E568888C3434AEF6EE5 /* Pods_Smack.framework in Frameworks */ = {isa = PBXBuildFile; fileRef = 1007FA6AEDAA7D23F6EF9F12 /* Pods_Smack.framework */; };
/* End PBXBuildFile section */

/* Begin PBXFileReference section */
		1007FA6AEDAA7D23F6EF9F12 /* Pods_Smack.framework */ = {isa = PBXFileReference; explicitFileType = wrapper.framework; includeInIndex = 0; path = Pods_Smack.framework; sourceTree = BUILT_PRODUCTS_DIR; };
		1B5CE8D2A20CCE4D56155BC6 /* Pods-Smack.debug.xcconfig */ = {isa = PBXFileReference; includeInIndex = 1; lastKnownFileType = text.xcconfig; name = "Pods-Smack.debug.xcconfig"; path = "Pods/Target Support Files/Pods-Smack/Pods-Smack.debug.xcconfig"; sourceTree = "<group>"; };
		907480D3208E882000CD98AD /* Smack-Bridging-Header.h */ = {isa = PBXFileReference; lastKnownFileType = sourcecode.c.h; path = "Smack-Bridging-Header.h"; sourceTree = "<group>"; };
		907480D4208E882100CD98AD /* SWRevealViewController.m */ = {isa = PBXFileReference; fileEncoding = 4; lastKnownFileType = sourcecode.c.objc; path = SWRevealViewController.m; sourceTree = "<group>"; };
		907480D5208E882100CD98AD /* SWRevealViewController.h */ = {isa = PBXFileReference; fileEncoding = 4; lastKnownFileType = sourcecode.c.h; path = SWRevealViewController.h; sourceTree = "<group>"; };
		907480DA208E8B0500CD98AD /* ChatVC.swift */ = {isa = PBXFileReference; lastKnownFileType = sourcecode.swift; path = ChatVC.swift; sourceTree = "<group>"; };
		907480DC208E8B1300CD98AD /* ChannelVC.swift */ = {isa = PBXFileReference; lastKnownFileType = sourcecode.swift; path = ChannelVC.swift; sourceTree = "<group>"; };
		907480DE208E932200CD98AD /* GradientView.swift */ = {isa = PBXFileReference; lastKnownFileType = sourcecode.swift; path = GradientView.swift; sourceTree = "<group>"; };
		9082F82B21176646001955BA /* Constants.swift */ = {isa = PBXFileReference; lastKnownFileType = sourcecode.swift; path = Constants.swift; sourceTree = "<group>"; };
		9082F82D21176B05001955BA /* LoginVC.swift */ = {isa = PBXFileReference; lastKnownFileType = sourcecode.swift; path = LoginVC.swift; sourceTree = "<group>"; };
		9082F82F211775C5001955BA /* CreateAccountVC.swift */ = {isa = PBXFileReference; lastKnownFileType = sourcecode.swift; path = CreateAccountVC.swift; sourceTree = "<group>"; };
		9082F8322117B6C6001955BA /* AuthService.swift */ = {isa = PBXFileReference; lastKnownFileType = sourcecode.swift; path = AuthService.swift; sourceTree = "<group>"; };
		9082F8342118E6FA001955BA /* RoundedButton.swift */ = {isa = PBXFileReference; lastKnownFileType = sourcecode.swift; path = RoundedButton.swift; sourceTree = "<group>"; };
		9082F8362118EFAB001955BA /* UserDataService.swift */ = {isa = PBXFileReference; lastKnownFileType = sourcecode.swift; path = UserDataService.swift; sourceTree = "<group>"; };
		90AC94DD208E779D00CE2479 /* Smack.app */ = {isa = PBXFileReference; explicitFileType = wrapper.application; includeInIndex = 0; path = Smack.app; sourceTree = BUILT_PRODUCTS_DIR; };
		90AC94E0208E779D00CE2479 /* AppDelegate.swift */ = {isa = PBXFileReference; lastKnownFileType = sourcecode.swift; path = AppDelegate.swift; sourceTree = "<group>"; };
		90AC94E5208E779D00CE2479 /* Base */ = {isa = PBXFileReference; lastKnownFileType = file.storyboard; name = Base; path = Base.lproj/Main.storyboard; sourceTree = "<group>"; };
		90AC94E7208E779F00CE2479 /* Assets.xcassets */ = {isa = PBXFileReference; lastKnownFileType = folder.assetcatalog; path = Assets.xcassets; sourceTree = "<group>"; };
		90AC94EA208E779F00CE2479 /* Base */ = {isa = PBXFileReference; lastKnownFileType = file.storyboard; name = Base; path = Base.lproj/LaunchScreen.storyboard; sourceTree = "<group>"; };
		90AC94EC208E779F00CE2479 /* Info.plist */ = {isa = PBXFileReference; lastKnownFileType = text.plist.xml; path = Info.plist; sourceTree = "<group>"; };
		9896B64761E7C23C1D399E13 /* Pods-Smack.release.xcconfig */ = {isa = PBXFileReference; includeInIndex = 1; lastKnownFileType = text.xcconfig; name = "Pods-Smack.release.xcconfig"; path = "Pods/Target Support Files/Pods-Smack/Pods-Smack.release.xcconfig"; sourceTree = "<group>"; };
/* End PBXFileReference section */

/* Begin PBXFrameworksBuildPhase section */
		90AC94DA208E779D00CE2479 /* Frameworks */ = {
			isa = PBXFrameworksBuildPhase;
			buildActionMask = 2147483647;
			files = (
				96519E568888C3434AEF6EE5 /* Pods_Smack.framework in Frameworks */,
			);
			runOnlyForDeploymentPostprocessing = 0;
		};
/* End PBXFrameworksBuildPhase section */

/* Begin PBXGroup section */
		2B07463D3E2C68FE477690DC /* Pods */ = {
			isa = PBXGroup;
			children = (
				1B5CE8D2A20CCE4D56155BC6 /* Pods-Smack.debug.xcconfig */,
				9896B64761E7C23C1D399E13 /* Pods-Smack.release.xcconfig */,
			);
			name = Pods;
			sourceTree = "<group>";
		};
		907480D2208E87F000CD98AD /* Supporting Files */ = {
			isa = PBXGroup;
			children = (
				907480D5208E882100CD98AD /* SWRevealViewController.h */,
				907480D4208E882100CD98AD /* SWRevealViewController.m */,
				907480D3208E882000CD98AD /* Smack-Bridging-Header.h */,
			);
			path = "Supporting Files";
			sourceTree = "<group>";
		};
		907480D7208E8AD600CD98AD /* Controller */ = {
			isa = PBXGroup;
			children = (
				907480DA208E8B0500CD98AD /* ChatVC.swift */,
				907480DC208E8B1300CD98AD /* ChannelVC.swift */,
				9082F82D21176B05001955BA /* LoginVC.swift */,
				9082F82F211775C5001955BA /* CreateAccountVC.swift */,
			);
			path = Controller;
			sourceTree = "<group>";
		};
		907480D8208E8ADD00CD98AD /* View */ = {
			isa = PBXGroup;
			children = (
				907480DE208E932200CD98AD /* GradientView.swift */,
				9082F8342118E6FA001955BA /* RoundedButton.swift */,
			);
			path = View;
			sourceTree = "<group>";
		};
		907480D9208E8AE300CD98AD /* Model */ = {
			isa = PBXGroup;
			children = (
			);
			path = Model;
			sourceTree = "<group>";
		};
		9082F82A21176631001955BA /* Utilities */ = {
			isa = PBXGroup;
			children = (
				9082F82B21176646001955BA /* Constants.swift */,
			);
			path = Utilities;
			sourceTree = "<group>";
		};
		9082F8312117B6B4001955BA /* Services */ = {
			isa = PBXGroup;
			children = (
				9082F8322117B6C6001955BA /* AuthService.swift */,
				9082F8362118EFAB001955BA /* UserDataService.swift */,
			);
			path = Services;
			sourceTree = "<group>";
		};
		90AC94D4208E779D00CE2479 = {
			isa = PBXGroup;
			children = (
				90AC94DF208E779D00CE2479 /* Smack */,
				90AC94DE208E779D00CE2479 /* Products */,
				2B07463D3E2C68FE477690DC /* Pods */,
				B99A4F6F8BB47A8EBF518A15 /* Frameworks */,
			);
			sourceTree = "<group>";
		};
		90AC94DE208E779D00CE2479 /* Products */ = {
			isa = PBXGroup;
			children = (
				90AC94DD208E779D00CE2479 /* Smack.app */,
			);
			name = Products;
			sourceTree = "<group>";
		};
		90AC94DF208E779D00CE2479 /* Smack */ = {
			isa = PBXGroup;
			children = (
				9082F8312117B6B4001955BA /* Services */,
				9082F82A21176631001955BA /* Utilities */,
				907480D9208E8AE300CD98AD /* Model */,
				907480D8208E8ADD00CD98AD /* View */,
				907480D7208E8AD600CD98AD /* Controller */,
				907480D2208E87F000CD98AD /* Supporting Files */,
				90AC94E0208E779D00CE2479 /* AppDelegate.swift */,
				90AC94E4208E779D00CE2479 /* Main.storyboard */,
				90AC94E7208E779F00CE2479 /* Assets.xcassets */,
				90AC94E9208E779F00CE2479 /* LaunchScreen.storyboard */,
				90AC94EC208E779F00CE2479 /* Info.plist */,
			);
			path = Smack;
			sourceTree = "<group>";
		};
		B99A4F6F8BB47A8EBF518A15 /* Frameworks */ = {
			isa = PBXGroup;
			children = (
				1007FA6AEDAA7D23F6EF9F12 /* Pods_Smack.framework */,
			);
			name = Frameworks;
			sourceTree = "<group>";
		};
/* End PBXGroup section */

/* Begin PBXNativeTarget section */
		90AC94DC208E779D00CE2479 /* Smack */ = {
			isa = PBXNativeTarget;
			buildConfigurationList = 90AC94EF208E779F00CE2479 /* Build configuration list for PBXNativeTarget "Smack" */;
			buildPhases = (
				6F02D6EC85ECEFE2847D7C2C /* [CP] Check Pods Manifest.lock */,
				90AC94D9208E779D00CE2479 /* Sources */,
				90AC94DA208E779D00CE2479 /* Frameworks */,
				90AC94DB208E779D00CE2479 /* Resources */,
				DEEF79AF9D1A9D1BC3FD04A9 /* [CP] Embed Pods Frameworks */,
			);
			buildRules = (
			);
			dependencies = (
			);
			name = Smack;
			productName = Smack;
			productReference = 90AC94DD208E779D00CE2479 /* Smack.app */;
			productType = "com.apple.product-type.application";
		};
/* End PBXNativeTarget section */

/* Begin PBXProject section */
		90AC94D5208E779D00CE2479 /* Project object */ = {
			isa = PBXProject;
			attributes = {
				LastSwiftUpdateCheck = 0930;
				LastUpgradeCheck = 0930;
				ORGANIZATIONNAME = "Richard Cummings";
				TargetAttributes = {
					90AC94DC208E779D00CE2479 = {
						CreatedOnToolsVersion = 9.3;
						LastSwiftMigration = 0930;
					};
				};
			};
			buildConfigurationList = 90AC94D8208E779D00CE2479 /* Build configuration list for PBXProject "Smack" */;
			compatibilityVersion = "Xcode 9.3";
			developmentRegion = en;
			hasScannedForEncodings = 0;
			knownRegions = (
				en,
				Base,
			);
			mainGroup = 90AC94D4208E779D00CE2479;
			productRefGroup = 90AC94DE208E779D00CE2479 /* Products */;
			projectDirPath = "";
			projectRoot = "";
			targets = (
				90AC94DC208E779D00CE2479 /* Smack */,
			);
		};
/* End PBXProject section */

/* Begin PBXResourcesBuildPhase section */
		90AC94DB208E779D00CE2479 /* Resources */ = {
			isa = PBXResourcesBuildPhase;
			buildActionMask = 2147483647;
			files = (
				90AC94EB208E779F00CE2479 /* LaunchScreen.storyboard in Resources */,
				90AC94E8208E779F00CE2479 /* Assets.xcassets in Resources */,
				90AC94E6208E779D00CE2479 /* Main.storyboard in Resources */,
			);
			runOnlyForDeploymentPostprocessing = 0;
		};
/* End PBXResourcesBuildPhase section */

/* Begin PBXShellScriptBuildPhase section */
		6F02D6EC85ECEFE2847D7C2C /* [CP] Check Pods Manifest.lock */ = {
			isa = PBXShellScriptBuildPhase;
			buildActionMask = 2147483647;
			files = (
			);
			inputPaths = (
				"${PODS_PODFILE_DIR_PATH}/Podfile.lock",
				"${PODS_ROOT}/Manifest.lock",
			);
			name = "[CP] Check Pods Manifest.lock";
			outputPaths = (
				"$(DERIVED_FILE_DIR)/Pods-Smack-checkManifestLockResult.txt",
			);
			runOnlyForDeploymentPostprocessing = 0;
			shellPath = /bin/sh;
			shellScript = "diff \"${PODS_PODFILE_DIR_PATH}/Podfile.lock\" \"${PODS_ROOT}/Manifest.lock\" > /dev/null\nif [ $? != 0 ] ; then\n    # print error to STDERR\n    echo \"error: The sandbox is not in sync with the Podfile.lock. Run 'pod install' or update your CocoaPods installation.\" >&2\n    exit 1\nfi\n# This output is used by Xcode 'outputs' to avoid re-running this script phase.\necho \"SUCCESS\" > \"${SCRIPT_OUTPUT_FILE_0}\"\n";
			showEnvVarsInLog = 0;
		};
		DEEF79AF9D1A9D1BC3FD04A9 /* [CP] Embed Pods Frameworks */ = {
			isa = PBXShellScriptBuildPhase;
			buildActionMask = 2147483647;
			files = (
			);
			inputPaths = (
				"${SRCROOT}/Pods/Target Support Files/Pods-Smack/Pods-Smack-frameworks.sh",
				"${BUILT_PRODUCTS_DIR}/Alamofire/Alamofire.framework",
				"${BUILT_PRODUCTS_DIR}/Socket.IO-Client-Swift/SocketIO.framework",
				"${BUILT_PRODUCTS_DIR}/Starscream/Starscream.framework",
				"${BUILT_PRODUCTS_DIR}/SwiftyJSON/SwiftyJSON.framework",
			);
			name = "[CP] Embed Pods Frameworks";
			outputPaths = (
				"${TARGET_BUILD_DIR}/${FRAMEWORKS_FOLDER_PATH}/Alamofire.framework",
				"${TARGET_BUILD_DIR}/${FRAMEWORKS_FOLDER_PATH}/SocketIO.framework",
				"${TARGET_BUILD_DIR}/${FRAMEWORKS_FOLDER_PATH}/Starscream.framework",
				"${TARGET_BUILD_DIR}/${FRAMEWORKS_FOLDER_PATH}/SwiftyJSON.framework",
			);
			runOnlyForDeploymentPostprocessing = 0;
			shellPath = /bin/sh;
			shellScript = "\"${SRCROOT}/Pods/Target Support Files/Pods-Smack/Pods-Smack-frameworks.sh\"\n";
			showEnvVarsInLog = 0;
		};
/* End PBXShellScriptBuildPhase section */

/* Begin PBXSourcesBuildPhase section */
		90AC94D9208E779D00CE2479 /* Sources */ = {
			isa = PBXSourcesBuildPhase;
			buildActionMask = 2147483647;
			files = (
				907480DD208E8B1300CD98AD /* ChannelVC.swift in Sources */,
				9082F8352118E6FA001955BA /* RoundedButton.swift in Sources */,
				907480DB208E8B0500CD98AD /* ChatVC.swift in Sources */,
				9082F8372118EFAB001955BA /* UserDataService.swift in Sources */,
				9082F830211775C5001955BA /* CreateAccountVC.swift in Sources */,
				9082F8332117B6C6001955BA /* AuthService.swift in Sources */,
				9082F82E21176B05001955BA /* LoginVC.swift in Sources */,
				907480DF208E932200CD98AD /* GradientView.swift in Sources */,
				90AC94E1208E779D00CE2479 /* AppDelegate.swift in Sources */,
				907480D6208E882100CD98AD /* SWRevealViewController.m in Sources */,
				9082F82C21176646001955BA /* Constants.swift in Sources */,
			);
			runOnlyForDeploymentPostprocessing = 0;
		};
/* End PBXSourcesBuildPhase section */

/* Begin PBXVariantGroup section */
		90AC94E4208E779D00CE2479 /* Main.storyboard */ = {
			isa = PBXVariantGroup;
			children = (
				90AC94E5208E779D00CE2479 /* Base */,
			);
			name = Main.storyboard;
			sourceTree = "<group>";
		};
		90AC94E9208E779F00CE2479 /* LaunchScreen.storyboard */ = {
			isa = PBXVariantGroup;
			children = (
				90AC94EA208E779F00CE2479 /* Base */,
			);
			name = LaunchScreen.storyboard;
			sourceTree = "<group>";
		};
/* End PBXVariantGroup section */

/* Begin XCBuildConfiguration section */
		90AC94ED208E779F00CE2479 /* Debug */ = {
			isa = XCBuildConfiguration;
			buildSettings = {
				ALWAYS_SEARCH_USER_PATHS = NO;
				CLANG_ANALYZER_NONNULL = YES;
				CLANG_ANALYZER_NUMBER_OBJECT_CONVERSION = YES_AGGRESSIVE;
				CLANG_CXX_LANGUAGE_STANDARD = "gnu++14";
				CLANG_CXX_LIBRARY = "libc++";
				CLANG_ENABLE_MODULES = YES;
				CLANG_ENABLE_OBJC_ARC = YES;
				CLANG_ENABLE_OBJC_WEAK = YES;
				CLANG_WARN_BLOCK_CAPTURE_AUTORELEASING = YES;
				CLANG_WARN_BOOL_CONVERSION = YES;
				CLANG_WARN_COMMA = YES;
				CLANG_WARN_CONSTANT_CONVERSION = YES;
				CLANG_WARN_DEPRECATED_OBJC_IMPLEMENTATIONS = YES;
				CLANG_WARN_DIRECT_OBJC_ISA_USAGE = YES_ERROR;
				CLANG_WARN_DOCUMENTATION_COMMENTS = YES;
				CLANG_WARN_EMPTY_BODY = YES;
				CLANG_WARN_ENUM_CONVERSION = YES;
				CLANG_WARN_INFINITE_RECURSION = YES;
				CLANG_WARN_INT_CONVERSION = YES;
				CLANG_WARN_NON_LITERAL_NULL_CONVERSION = YES;
				CLANG_WARN_OBJC_IMPLICIT_RETAIN_SELF = YES;
				CLANG_WARN_OBJC_LITERAL_CONVERSION = YES;
				CLANG_WARN_OBJC_ROOT_CLASS = YES_ERROR;
				CLANG_WARN_RANGE_LOOP_ANALYSIS = YES;
				CLANG_WARN_STRICT_PROTOTYPES = YES;
				CLANG_WARN_SUSPICIOUS_MOVE = YES;
				CLANG_WARN_UNGUARDED_AVAILABILITY = YES_AGGRESSIVE;
				CLANG_WARN_UNREACHABLE_CODE = YES;
				CLANG_WARN__DUPLICATE_METHOD_MATCH = YES;
				CODE_SIGN_IDENTITY = "iPhone Developer";
				COPY_PHASE_STRIP = NO;
				DEBUG_INFORMATION_FORMAT = dwarf;
				ENABLE_STRICT_OBJC_MSGSEND = YES;
				ENABLE_TESTABILITY = YES;
				GCC_C_LANGUAGE_STANDARD = gnu11;
				GCC_DYNAMIC_NO_PIC = NO;
				GCC_NO_COMMON_BLOCKS = YES;
				GCC_OPTIMIZATION_LEVEL = 0;
				GCC_PREPROCESSOR_DEFINITIONS = (
					"DEBUG=1",
					"$(inherited)",
				);
				GCC_WARN_64_TO_32_BIT_CONVERSION = YES;
				GCC_WARN_ABOUT_RETURN_TYPE = YES_ERROR;
				GCC_WARN_UNDECLARED_SELECTOR = YES;
				GCC_WARN_UNINITIALIZED_AUTOS = YES_AGGRESSIVE;
				GCC_WARN_UNUSED_FUNCTION = YES;
				GCC_WARN_UNUSED_VARIABLE = YES;
				IPHONEOS_DEPLOYMENT_TARGET = 11.3;
				MTL_ENABLE_DEBUG_INFO = YES;
				ONLY_ACTIVE_ARCH = YES;
				SDKROOT = iphoneos;
				SWIFT_ACTIVE_COMPILATION_CONDITIONS = DEBUG;
				SWIFT_OPTIMIZATION_LEVEL = "-Onone";
			};
			name = Debug;
		};
		90AC94EE208E779F00CE2479 /* Release */ = {
			isa = XCBuildConfiguration;
			buildSettings = {
				ALWAYS_SEARCH_USER_PATHS = NO;
				CLANG_ANALYZER_NONNULL = YES;
				CLANG_ANALYZER_NUMBER_OBJECT_CONVERSION = YES_AGGRESSIVE;
				CLANG_CXX_LANGUAGE_STANDARD = "gnu++14";
				CLANG_CXX_LIBRARY = "libc++";
				CLANG_ENABLE_MODULES = YES;
				CLANG_ENABLE_OBJC_ARC = YES;
				CLANG_ENABLE_OBJC_WEAK = YES;
				CLANG_WARN_BLOCK_CAPTURE_AUTORELEASING = YES;
				CLANG_WARN_BOOL_CONVERSION = YES;
				CLANG_WARN_COMMA = YES;
				CLANG_WARN_CONSTANT_CONVERSION = YES;
				CLANG_WARN_DEPRECATED_OBJC_IMPLEMENTATIONS = YES;
				CLANG_WARN_DIRECT_OBJC_ISA_USAGE = YES_ERROR;
				CLANG_WARN_DOCUMENTATION_COMMENTS = YES;
				CLANG_WARN_EMPTY_BODY = YES;
				CLANG_WARN_ENUM_CONVERSION = YES;
				CLANG_WARN_INFINITE_RECURSION = YES;
				CLANG_WARN_INT_CONVERSION = YES;
				CLANG_WARN_NON_LITERAL_NULL_CONVERSION = YES;
				CLANG_WARN_OBJC_IMPLICIT_RETAIN_SELF = YES;
				CLANG_WARN_OBJC_LITERAL_CONVERSION = YES;
				CLANG_WARN_OBJC_ROOT_CLASS = YES_ERROR;
				CLANG_WARN_RANGE_LOOP_ANALYSIS = YES;
				CLANG_WARN_STRICT_PROTOTYPES = YES;
				CLANG_WARN_SUSPICIOUS_MOVE = YES;
				CLANG_WARN_UNGUARDED_AVAILABILITY = YES_AGGRESSIVE;
				CLANG_WARN_UNREACHABLE_CODE = YES;
				CLANG_WARN__DUPLICATE_METHOD_MATCH = YES;
				CODE_SIGN_IDENTITY = "iPhone Developer";
				COPY_PHASE_STRIP = NO;
				DEBUG_INFORMATION_FORMAT = "dwarf-with-dsym";
				ENABLE_NS_ASSERTIONS = NO;
				ENABLE_STRICT_OBJC_MSGSEND = YES;
				GCC_C_LANGUAGE_STANDARD = gnu11;
				GCC_NO_COMMON_BLOCKS = YES;
				GCC_WARN_64_TO_32_BIT_CONVERSION = YES;
				GCC_WARN_ABOUT_RETURN_TYPE = YES_ERROR;
				GCC_WARN_UNDECLARED_SELECTOR = YES;
				GCC_WARN_UNINITIALIZED_AUTOS = YES_AGGRESSIVE;
				GCC_WARN_UNUSED_FUNCTION = YES;
				GCC_WARN_UNUSED_VARIABLE = YES;
				IPHONEOS_DEPLOYMENT_TARGET = 11.3;
				MTL_ENABLE_DEBUG_INFO = NO;
				SDKROOT = iphoneos;
				SWIFT_COMPILATION_MODE = wholemodule;
				SWIFT_OPTIMIZATION_LEVEL = "-O";
				VALIDATE_PRODUCT = YES;
			};
			name = Release;
		};
		90AC94F0208E779F00CE2479 /* Debug */ = {
			isa = XCBuildConfiguration;
			baseConfigurationReference = 1B5CE8D2A20CCE4D56155BC6 /* Pods-Smack.debug.xcconfig */;
			buildSettings = {
				ASSETCATALOG_COMPILER_APPICON_NAME = AppIcon;
				CLANG_ENABLE_MODULES = YES;
				CODE_SIGN_STYLE = Automatic;
				DEVELOPMENT_TEAM = 2CMDWTBYBU;
				INFOPLIST_FILE = Smack/Info.plist;
				LD_RUNPATH_SEARCH_PATHS = (
					"$(inherited)",
					"@executable_path/Frameworks",
				);
				PRODUCT_BUNDLE_IDENTIFIER = com.specs.Smack;
				PRODUCT_NAME = "$(TARGET_NAME)";
				SWIFT_OBJC_BRIDGING_HEADER = "./Smack/Supporting Files/Smack-Bridging-Header.h";
				SWIFT_OPTIMIZATION_LEVEL = "-Onone";
				SWIFT_VERSION = 4.0;
				TARGETED_DEVICE_FAMILY = "1,2";
			};
			name = Debug;
		};
		90AC94F1208E779F00CE2479 /* Release */ = {
			isa = XCBuildConfiguration;
			baseConfigurationReference = 9896B64761E7C23C1D399E13 /* Pods-Smack.release.xcconfig */;
			buildSettings = {
				ASSETCATALOG_COMPILER_APPICON_NAME = AppIcon;
				CLANG_ENABLE_MODULES = YES;
				CODE_SIGN_STYLE = Automatic;
				DEVELOPMENT_TEAM = 2CMDWTBYBU;
				INFOPLIST_FILE = Smack/Info.plist;
				LD_RUNPATH_SEARCH_PATHS = (
					"$(inherited)",
					"@executable_path/Frameworks",
				);
				PRODUCT_BUNDLE_IDENTIFIER = com.specs.Smack;
				PRODUCT_NAME = "$(TARGET_NAME)";
				SWIFT_OBJC_BRIDGING_HEADER = "./Smack/Supporting Files/Smack-Bridging-Header.h";
				SWIFT_VERSION = 4.0;
				TARGETED_DEVICE_FAMILY = "1,2";
			};
			name = Release;
		};
/* End XCBuildConfiguration section */

/* Begin XCConfigurationList section */
		90AC94D8208E779D00CE2479 /* Build configuration list for PBXProject "Smack" */ = {
			isa = XCConfigurationList;
			buildConfigurations = (
				90AC94ED208E779F00CE2479 /* Debug */,
				90AC94EE208E779F00CE2479 /* Release */,
			);
			defaultConfigurationIsVisible = 0;
			defaultConfigurationName = Release;
		};
		90AC94EF208E779F00CE2479 /* Build configuration list for PBXNativeTarget "Smack" */ = {
			isa = XCConfigurationList;
			buildConfigurations = (
				90AC94F0208E779F00CE2479 /* Debug */,
				90AC94F1208E779F00CE2479 /* Release */,
			);
			defaultConfigurationIsVisible = 0;
			defaultConfigurationName = Release;
		};
/* End XCConfigurationList section */
	};
	rootObject = 90AC94D5208E779D00CE2479 /* Project object */;
}
